
Microsoft Visual Studio Solution File, Format Version 12.00
# Visual Studio Version 16
VisualStudioVersion = 16.0.29911.84
MinimumVisualStudioVersion = 10.0.40219.1
Project("{9A19103F-16F7-4668-BE54-9A1E7A4F7556}") = "HelloServices", "HelloServices\HelloServices.csproj", "{D6B6ACC9-8FAF-4A9E-8D76-B387BB052700}"
EndProject
Global
	GlobalSection(SolutionConfigurationPlatforms) = preSolution
		Debug|Any CPU = Debug|Any CPU
		Release|Any CPU = Release|Any CPU
	EndGlobalSection
	GlobalSection(ProjectConfigurationPlatforms) = postSolution
		{D6B6ACC9-8FAF-4A9E-8D76-B387BB052700}.Debug|Any CPU.ActiveCfg = Debug|Any CPU
		{D6B6ACC9-8FAF-4A9E-8D76-B387BB052700}.Debug|Any CPU.Build.0 = Debug|Any CPU
		{D6B6ACC9-8FAF-4A9E-8D76-B387BB052700}.Release|Any CPU.ActiveCfg = Release|Any CPU
		{D6B6ACC9-8FAF-4A9E-8D76-B387BB052700}.Release|Any CPU.Build.0 = Release|Any CPU
	EndGlobalSection
	GlobalSection(SolutionProperties) = preSolution
		HideSolutionNode = FALSE
	EndGlobalSection
	GlobalSection(ExtensibilityGlobals) = postSolution
		SolutionGuid = {6BDD7752-E50C-426B-B4B1-1D3D0A3250B7}
	EndGlobalSection
EndGlobal
